
Microsoft Visual Studio Solution File, Format Version 12.00
Project("{2150E333-8FDC-42A3-9474-1A3956D46DE8}") = "Services", "Services", "{3E323E64-75E9-4E49-96DF-FEA49343543B}"
EndProject
Project("{2150E333-8FDC-42A3-9474-1A3956D46DE8}") = "Cataloque", "Cataloque", "{752914BA-D9AF-459A-A829-A9B62180410A}"
EndProject
Project("{FAE04EC0-301F-11D3-BF4B-00C04F79EFBC}") = "CatalogAPI", "Services\cataloque\CatalogAPI\CatalogAPI.csproj", "{BECB4B4E-E48A-4F43-AA27-0F077B22060A}"
EndProject
Global
	GlobalSection(SolutionConfigurationPlatforms) = preSolution
		Debug|Any CPU = Debug|Any CPU
		Release|Any CPU = Release|Any CPU
	EndGlobalSection
	GlobalSection(NestedProjects) = preSolution
		{752914BA-D9AF-459A-A829-A9B62180410A} = {3E323E64-75E9-4E49-96DF-FEA49343543B}
		{BECB4B4E-E48A-4F43-AA27-0F077B22060A} = {752914BA-D9AF-459A-A829-A9B62180410A}
	EndGlobalSection
	GlobalSection(ProjectConfigurationPlatforms) = postSolution
		{BECB4B4E-E48A-4F43-AA27-0F077B22060A}.Debug|Any CPU.ActiveCfg = Debug|Any CPU
		{BECB4B4E-E48A-4F43-AA27-0F077B22060A}.Debug|Any CPU.Build.0 = Debug|Any CPU
		{BECB4B4E-E48A-4F43-AA27-0F077B22060A}.Release|Any CPU.ActiveCfg = Release|Any CPU
		{BECB4B4E-E48A-4F43-AA27-0F077B22060A}.Release|Any CPU.Build.0 = Release|Any CPU
	EndGlobalSection
EndGlobal
